Microsoft Visual Studio Solution File, Format Version 11.00
# Visual Studio 2008

Project("{84375D95-BBFF-6E97-E3BD-16B74248BF84}") = "Friend Slice", "Assembly-CSharp-firstpass.csproj", "{DFF81E42-7514-E987-F1BC-DC8375BF7EEA}"
EndProject
Project("{84375D95-BBFF-6E97-E3BD-16B74248BF84}") = "Friend Slice", "Assembly-CSharp.csproj", "{FBBEC346-D4E0-D815-7C0F-1A58DEE86604}"
EndProject
Project("{84375D95-BBFF-6E97-E3BD-16B74248BF84}") = "Friend Slice", "Assembly-CSharp-Editor.csproj", "{FEF155D6-7C8C-3DCB-5ACF-FB85B54AFFD2}"
EndProject
Global
	GlobalSection(SolutionConfigurationPlatforms) = preSolution
		Debug|Any CPU = Debug|Any CPU
		Release|Any CPU = Release|Any CPU
	EndGlobalSection
	GlobalSection(ProjectConfigurationPlatforms) = postSolution
		{DFF81E42-7514-E987-F1BC-DC8375BF7EEA}.Debug|Any CPU.ActiveCfg = Debug|Any CPU
		{DFF81E42-7514-E987-F1BC-DC8375BF7EEA}.Debug|Any CPU.Build.0 = Debug|Any CPU
		{DFF81E42-7514-E987-F1BC-DC8375BF7EEA}.Release|Any CPU.ActiveCfg = Release|Any CPU
		{DFF81E42-7514-E987-F1BC-DC8375BF7EEA}.Release|Any CPU.Build.0 = Release|Any CPU
		{FBBEC346-D4E0-D815-7C0F-1A58DEE86604}.Debug|Any CPU.ActiveCfg = Debug|Any CPU
		{FBBEC346-D4E0-D815-7C0F-1A58DEE86604}.Debug|Any CPU.Build.0 = Debug|Any CPU
		{FBBEC346-D4E0-D815-7C0F-1A58DEE86604}.Release|Any CPU.ActiveCfg = Release|Any CPU
		{FBBEC346-D4E0-D815-7C0F-1A58DEE86604}.Release|Any CPU.Build.0 = Release|Any CPU
		{FEF155D6-7C8C-3DCB-5ACF-FB85B54AFFD2}.Debug|Any CPU.ActiveCfg = Debug|Any CPU
		{FEF155D6-7C8C-3DCB-5ACF-FB85B54AFFD2}.Debug|Any CPU.Build.0 = Debug|Any CPU
		{FEF155D6-7C8C-3DCB-5ACF-FB85B54AFFD2}.Release|Any CPU.ActiveCfg = Release|Any CPU
		{FEF155D6-7C8C-3DCB-5ACF-FB85B54AFFD2}.Release|Any CPU.Build.0 = Release|Any CPU
	EndGlobalSection
	GlobalSection(SolutionProperties) = preSolution
		HideSolutionNode = FALSE
	EndGlobalSection
	GlobalSection(MonoDevelopProperties) = preSolution
		StartupItem = Assembly-CSharp.csproj
	EndGlobalSection
EndGlobal
