Microsoft Visual Studio Solution File, Format Version 11.00
# Visual Studio 2008

Project("{634165BE-8695-3EF5-9844-7088EBEBDE1D}") = "Tap the ball", "Assembly-CSharp-firstpass.csproj", "{59B3C4C0-71C5-7195-AD6F-1ACFF4252DE1}"
EndProject
Project("{634165BE-8695-3EF5-9844-7088EBEBDE1D}") = "Tap the ball", "Assembly-CSharp.csproj", "{45F5DDDF-13A6-D09C-FF32-9AEE4C900604}"
EndProject
Project("{634165BE-8695-3EF5-9844-7088EBEBDE1D}") = "Tap the ball", "Assembly-CSharp-Editor.csproj", "{2BB29D7F-327C-B00C-3DD7-A4AFFC4E86CB}"
EndProject
Global
	GlobalSection(SolutionConfigurationPlatforms) = preSolution
		Debug|Any CPU = Debug|Any CPU
		Release|Any CPU = Release|Any CPU
	EndGlobalSection
	GlobalSection(ProjectConfigurationPlatforms) = postSolution
		{59B3C4C0-71C5-7195-AD6F-1ACFF4252DE1}.Debug|Any CPU.ActiveCfg = Debug|Any CPU
		{59B3C4C0-71C5-7195-AD6F-1ACFF4252DE1}.Debug|Any CPU.Build.0 = Debug|Any CPU
		{59B3C4C0-71C5-7195-AD6F-1ACFF4252DE1}.Release|Any CPU.ActiveCfg = Release|Any CPU
		{59B3C4C0-71C5-7195-AD6F-1ACFF4252DE1}.Release|Any CPU.Build.0 = Release|Any CPU
		{45F5DDDF-13A6-D09C-FF32-9AEE4C900604}.Debug|Any CPU.ActiveCfg = Debug|Any CPU
		{45F5DDDF-13A6-D09C-FF32-9AEE4C900604}.Debug|Any CPU.Build.0 = Debug|Any CPU
		{45F5DDDF-13A6-D09C-FF32-9AEE4C900604}.Release|Any CPU.ActiveCfg = Release|Any CPU
		{45F5DDDF-13A6-D09C-FF32-9AEE4C900604}.Release|Any CPU.Build.0 = Release|Any CPU
		{2BB29D7F-327C-B00C-3DD7-A4AFFC4E86CB}.Debug|Any CPU.ActiveCfg = Debug|Any CPU
		{2BB29D7F-327C-B00C-3DD7-A4AFFC4E86CB}.Debug|Any CPU.Build.0 = Debug|Any CPU
		{2BB29D7F-327C-B00C-3DD7-A4AFFC4E86CB}.Release|Any CPU.ActiveCfg = Release|Any CPU
		{2BB29D7F-327C-B00C-3DD7-A4AFFC4E86CB}.Release|Any CPU.Build.0 = Release|Any CPU
	EndGlobalSection
	GlobalSection(SolutionProperties) = preSolution
		HideSolutionNode = FALSE
	EndGlobalSection
	GlobalSection(MonoDevelopProperties) = preSolution
		StartupItem = Assembly-CSharp.csproj
	EndGlobalSection
EndGlobal
